// !$*UTF8*$!
{
	archiveVersion = 1;
	classes = {
	};
	objectVersion = 50;
	objects = {

/* Begin PBXBuildFile section */
		904400CD20C97E26009A11C1 /* AppDelegate.swift in Sources */ = {isa = PBXBuildFile; fileRef = 904400CC20C97E26009A11C1 /* AppDelegate.swift */; };
		904400D020C97E26009A11C1 /* TimeTracklogDiary.xcdatamodeld in Sources */ = {isa = PBXBuildFile; fileRef = 904400CE20C97E26009A11C1 /* TimeTracklogDiary.xcdatamodeld */; };
		904400D220C97E27009A11C1 /* Assets.xcassets in Resources */ = {isa = PBXBuildFile; fileRef = 904400D120C97E27009A11C1 /* Assets.xcassets */; };
		904400D520C97E27009A11C1 /* MainMenu.xib in Resources */ = {isa = PBXBuildFile; fileRef = 904400D320C97E27009A11C1 /* MainMenu.xib */; };
		904400E120C97E28009A11C1 /* TimeTracklogDiaryTests.swift in Sources */ = {isa = PBXBuildFile; fileRef = 904400E020C97E28009A11C1 /* TimeTracklogDiaryTests.swift */; };
		904400EC20C97E28009A11C1 /* TimeTracklogDiaryUITests.swift in Sources */ = {isa = PBXBuildFile; fileRef = 904400EB20C97E28009A11C1 /* TimeTracklogDiaryUITests.swift */; };
/* End PBXBuildFile section */

/* Begin PBXContainerItemProxy section */
		904400DD20C97E28009A11C1 /* PBXContainerItemProxy */ = {
			isa = PBXContainerItemProxy;
			containerPortal = 904400C120C97E26009A11C1 /* Project object */;
			proxyType = 1;
			remoteGlobalIDString = 904400C820C97E26009A11C1;
			remoteInfo = TimeTracklogDiary;
		};
		904400E820C97E28009A11C1 /* PBXContainerItemProxy */ = {
			isa = PBXContainerItemProxy;
			containerPortal = 904400C120C97E26009A11C1 /* Project object */;
			proxyType = 1;
			remoteGlobalIDString = 904400C820C97E26009A11C1;
			remoteInfo = TimeTracklogDiary;
		};
/* End PBXContainerItemProxy section */

/* Begin PBXFileReference section */
		904400C920C97E26009A11C1 /* TimeTracklogDiary.app */ = {isa = PBXFileReference; explicitFileType = wrapper.application; includeInIndex = 0; path = TimeTracklogDiary.app; sourceTree = BUILT_PRODUCTS_DIR; };
		904400CC20C97E26009A11C1 /* AppDelegate.swift */ = {isa = PBXFileReference; lastKnownFileType = sourcecode.swift; path = AppDelegate.swift; sourceTree = "<group>"; };
		904400CF20C97E26009A11C1 /* TimeTracklogDiary.xcdatamodel */ = {isa = PBXFileReference; lastKnownFileType = wrapper.xcdatamodel; path = TimeTracklogDiary.xcdatamodel; sourceTree = "<group>"; };
		904400D120C97E27009A11C1 /* Assets.xcassets */ = {isa = PBXFileReference; lastKnownFileType = folder.assetcatalog; path = Assets.xcassets; sourceTree = "<group>"; };
		904400D420C97E27009A11C1 /* Base */ = {isa = PBXFileReference; lastKnownFileType = file.xib; name = Base; path = Base.lproj/MainMenu.xib; sourceTree = "<group>"; };
		904400D620C97E27009A11C1 /* Info.plist */ = {isa = PBXFileReference; lastKnownFileType = text.plist.xml; path = Info.plist; sourceTree = "<group>"; };
		904400D720C97E27009A11C1 /* TimeTracklogDiary.entitlements */ = {isa = PBXFileReference; lastKnownFileType = text.plist.entitlements; path = TimeTracklogDiary.entitlements; sourceTree = "<group>"; };
		904400DC20C97E28009A11C1 /* TimeTracklogDiaryTests.xctest */ = {isa = PBXFileReference; explicitFileType = wrapper.cfbundle; includeInIndex = 0; path = TimeTracklogDiaryTests.xctest; sourceTree = BUILT_PRODUCTS_DIR; };
		904400E020C97E28009A11C1 /* TimeTracklogDiaryTests.swift */ = {isa = PBXFileReference; lastKnownFileType = sourcecode.swift; path = TimeTracklogDiaryTests.swift; sourceTree = "<group>"; };
		904400E220C97E28009A11C1 /* Info.plist */ = {isa = PBXFileReference; lastKnownFileType = text.plist.xml; path = Info.plist; sourceTree = "<group>"; };
		904400E720C97E28009A11C1 /* TimeTracklogDiaryUITests.xctest */ = {isa = PBXFileReference; explicitFileType = wrapper.cfbundle; includeInIndex = 0; path = TimeTracklogDiaryUITests.xctest; sourceTree = BUILT_PRODUCTS_DIR; };
		904400EB20C97E28009A11C1 /* TimeTracklogDiaryUITests.swift */ = {isa = PBXFileReference; lastKnownFileType = sourcecode.swift; path = TimeTracklogDiaryUITests.swift; sourceTree = "<group>"; };
		904400ED20C97E28009A11C1 /* Info.plist */ = {isa = PBXFileReference; lastKnownFileType = text.plist.xml; path = Info.plist; sourceTree = "<group>"; };
/* End PBXFileReference section */

/* Begin PBXFrameworksBuildPhase section */
		904400C620C97E26009A11C1 /* Frameworks */ = {
			isa = PBXFrameworksBuildPhase;
			buildActionMask = 2147483647;
			files = (
			);
			runOnlyForDeploymentPostprocessing = 0;
		};
		904400D920C97E28009A11C1 /* Frameworks */ = {
			isa = PBXFrameworksBuildPhase;
			buildActionMask = 2147483647;
			files = (
			);
			runOnlyForDeploymentPostprocessing = 0;
		};
		904400E420C97E28009A11C1 /* Frameworks */ = {
			isa = PBXFrameworksBuildPhase;
			buildActionMask = 2147483647;
			files = (
			);
			runOnlyForDeploymentPostprocessing = 0;
		};
/* End PBXFrameworksBuildPhase section */

/* Begin PBXGroup section */
		904400C020C97E26009A11C1 = {
			isa = PBXGroup;
			children = (
				904400CB20C97E26009A11C1 /* TimeTracklogDiary */,
				904400DF20C97E28009A11C1 /* TimeTracklogDiaryTests */,
				904400EA20C97E28009A11C1 /* TimeTracklogDiaryUITests */,
				904400CA20C97E26009A11C1 /* Products */,
			);
			sourceTree = "<group>";
		};
		904400CA20C97E26009A11C1 /* Products */ = {
			isa = PBXGroup;
			children = (
				904400C920C97E26009A11C1 /* TimeTracklogDiary.app */,
				904400DC20C97E28009A11C1 /* TimeTracklogDiaryTests.xctest */,
				904400E720C97E28009A11C1 /* TimeTracklogDiaryUITests.xctest */,
			);
			name = Products;
			sourceTree = "<group>";
		};
		904400CB20C97E26009A11C1 /* TimeTracklogDiary */ = {
			isa = PBXGroup;
			children = (
				904400CC20C97E26009A11C1 /* AppDelegate.swift */,
				904400D120C97E27009A11C1 /* Assets.xcassets */,
				904400D320C97E27009A11C1 /* MainMenu.xib */,
				904400D620C97E27009A11C1 /* Info.plist */,
				904400D720C97E27009A11C1 /* TimeTracklogDiary.entitlements */,
				904400CE20C97E26009A11C1 /* TimeTracklogDiary.xcdatamodeld */,
			);
			path = TimeTracklogDiary;
			sourceTree = "<group>";
		};
		904400DF20C97E28009A11C1 /* TimeTracklogDiaryTests */ = {
			isa = PBXGroup;
			children = (
				904400E020C97E28009A11C1 /* TimeTracklogDiaryTests.swift */,
				904400E220C97E28009A11C1 /* Info.plist */,
			);
			path = TimeTracklogDiaryTests;
			sourceTree = "<group>";
		};
		904400EA20C97E28009A11C1 /* TimeTracklogDiaryUITests */ = {
			isa = PBXGroup;
			children = (
				904400EB20C97E28009A11C1 /* TimeTracklogDiaryUITests.swift */,
				904400ED20C97E28009A11C1 /* Info.plist */,
			);
			path = TimeTracklogDiaryUITests;
			sourceTree = "<group>";
		};
/* End PBXGroup section */

/* Begin PBXNativeTarget section */
		904400C820C97E26009A11C1 /* TimeTracklogDiary */ = {
			isa = PBXNativeTarget;
			buildConfigurationList = 904400F020C97E28009A11C1 /* Build configuration list for PBXNativeTarget "TimeTracklogDiary" */;
			buildPhases = (
				904400C520C97E26009A11C1 /* Sources */,
				904400C620C97E26009A11C1 /* Frameworks */,
				904400C720C97E26009A11C1 /* Resources */,
			);
			buildRules = (
			);
			dependencies = (
			);
			name = TimeTracklogDiary;
			productName = TimeTracklogDiary;
			productReference = 904400C920C97E26009A11C1 /* TimeTracklogDiary.app */;
			productType = "com.apple.product-type.application";
		};
		904400DB20C97E28009A11C1 /* TimeTracklogDiaryTests */ = {
			isa = PBXNativeTarget;
			buildConfigurationList = 904400F320C97E28009A11C1 /* Build configuration list for PBXNativeTarget "TimeTracklogDiaryTests" */;
			buildPhases = (
				904400D820C97E28009A11C1 /* Sources */,
				904400D920C97E28009A11C1 /* Frameworks */,
				904400DA20C97E28009A11C1 /* Resources */,
			);
			buildRules = (
			);
			dependencies = (
				904400DE20C97E28009A11C1 /* PBXTargetDependency */,
			);
			name = TimeTracklogDiaryTests;
			productName = TimeTracklogDiaryTests;
			productReference = 904400DC20C97E28009A11C1 /* TimeTracklogDiaryTests.xctest */;
			productType = "com.apple.product-type.bundle.unit-test";
		};
		904400E620C97E28009A11C1 /* TimeTracklogDiaryUITests */ = {
			isa = PBXNativeTarget;
			buildConfigurationList = 904400F620C97E28009A11C1 /* Build configuration list for PBXNativeTarget "TimeTracklogDiaryUITests" */;
			buildPhases = (
				904400E320C97E28009A11C1 /* Sources */,
				904400E420C97E28009A11C1 /* Frameworks */,
				904400E520C97E28009A11C1 /* Resources */,
			);
			buildRules = (
			);
			dependencies = (
				904400E920C97E28009A11C1 /* PBXTargetDependency */,
			);
			name = TimeTracklogDiaryUITests;
			productName = TimeTracklogDiaryUITests;
			productReference = 904400E720C97E28009A11C1 /* TimeTracklogDiaryUITests.xctest */;
			productType = "com.apple.product-type.bundle.ui-testing";
		};
/* End PBXNativeTarget section */

/* Begin PBXProject section */
		904400C120C97E26009A11C1 /* Project object */ = {
			isa = PBXProject;
			attributes = {
				LastSwiftUpdateCheck = 0940;
				LastUpgradeCheck = 0940;
				ORGANIZATIONNAME = kassergeymac;
				TargetAttributes = {
					904400C820C97E26009A11C1 = {
						CreatedOnToolsVersion = 9.4;
					};
					904400DB20C97E28009A11C1 = {
						CreatedOnToolsVersion = 9.4;
						TestTargetID = 904400C820C97E26009A11C1;
					};
					904400E620C97E28009A11C1 = {
						CreatedOnToolsVersion = 9.4;
						TestTargetID = 904400C820C97E26009A11C1;
					};
				};
			};
			buildConfigurationList = 904400C420C97E26009A11C1 /* Build configuration list for PBXProject "TimeTracklogDiary" */;
			compatibilityVersion = "Xcode 9.3";
			developmentRegion = en;
			hasScannedForEncodings = 0;
			knownRegions = (
				en,
				Base,
			);
			mainGroup = 904400C020C97E26009A11C1;
			productRefGroup = 904400CA20C97E26009A11C1 /* Products */;
			projectDirPath = "";
			projectRoot = "";
			targets = (
				904400C820C97E26009A11C1 /* TimeTracklogDiary */,
				904400DB20C97E28009A11C1 /* TimeTracklogDiaryTests */,
				904400E620C97E28009A11C1 /* TimeTracklogDiaryUITests */,
			);
		};
/* End PBXProject section */

/* Begin PBXResourcesBuildPhase section */
		904400C720C97E26009A11C1 /* Resources */ = {
			isa = PBXResourcesBuildPhase;
			buildActionMask = 2147483647;
			files = (
				904400D220C97E27009A11C1 /* Assets.xcassets in Resources */,
				904400D520C97E27009A11C1 /* MainMenu.xib in Resources */,
			);
			runOnlyForDeploymentPostprocessing = 0;
		};
		904400DA20C97E28009A11C1 /* Resources */ = {
			isa = PBXResourcesBuildPhase;
			buildActionMask = 2147483647;
			files = (
			);
			runOnlyForDeploymentPostprocessing = 0;
		};
		904400E520C97E28009A11C1 /* Resources */ = {
			isa = PBXResourcesBuildPhase;
			buildActionMask = 2147483647;
			files = (
			);
			runOnlyForDeploymentPostprocessing = 0;
		};
/* End PBXResourcesBuildPhase section */

/* Begin PBXSourcesBuildPhase section */
		904400C520C97E26009A11C1 /* Sources */ = {
			isa = PBXSourcesBuildPhase;
			buildActionMask = 2147483647;
			files = (
				904400CD20C97E26009A11C1 /* AppDelegate.swift in Sources */,
				904400D020C97E26009A11C1 /* TimeTracklogDiary.xcdatamodeld in Sources */,
			);
			runOnlyForDeploymentPostprocessing = 0;
		};
		904400D820C97E28009A11C1 /* Sources */ = {
			isa = PBXSourcesBuildPhase;
			buildActionMask = 2147483647;
			files = (
				904400E120C97E28009A11C1 /* TimeTracklogDiaryTests.swift in Sources */,
			);
			runOnlyForDeploymentPostprocessing = 0;
		};
		904400E320C97E28009A11C1 /* Sources */ = {
			isa = PBXSourcesBuildPhase;
			buildActionMask = 2147483647;
			files = (
				904400EC20C97E28009A11C1 /* TimeTracklogDiaryUITests.swift in Sources */,
			);
			runOnlyForDeploymentPostprocessing = 0;
		};
/* End PBXSourcesBuildPhase section */

/* Begin PBXTargetDependency section */
		904400DE20C97E28009A11C1 /* PBXTargetDependency */ = {
			isa = PBXTargetDependency;
			target = 904400C820C97E26009A11C1 /* TimeTracklogDiary */;
			targetProxy = 904400DD20C97E28009A11C1 /* PBXContainerItemProxy */;
		};
		904400E920C97E28009A11C1 /* PBXTargetDependency */ = {
			isa = PBXTargetDependency;
			target = 904400C820C97E26009A11C1 /* TimeTracklogDiary */;
			targetProxy = 904400E820C97E28009A11C1 /* PBXContainerItemProxy */;
		};
/* End PBXTargetDependency section */

/* Begin PBXVariantGroup section */
		904400D320C97E27009A11C1 /* MainMenu.xib */ = {
			isa = PBXVariantGroup;
			children = (
				904400D420C97E27009A11C1 /* Base */,
			);
			name = MainMenu.xib;
			sourceTree = "<group>";
		};
/* End PBXVariantGroup section */

/* Begin XCBuildConfiguration section */
		904400EE20C97E28009A11C1 /* Debug */ = {
			isa = XCBuildConfiguration;
			buildSettings = {
				ALWAYS_SEARCH_USER_PATHS = NO;
				CLANG_ANALYZER_NONNULL = YES;
				CLANG_ANALYZER_NUMBER_OBJECT_CONVERSION = YES_AGGRESSIVE;
				CLANG_CXX_LANGUAGE_STANDARD = "gnu++14";
				CLANG_CXX_LIBRARY = "libc++";
				CLANG_ENABLE_MODULES = YES;
				CLANG_ENABLE_OBJC_ARC = YES;
				CLANG_ENABLE_OBJC_WEAK = YES;
				CLANG_WARN_BLOCK_CAPTURE_AUTORELEASING = YES;
				CLANG_WARN_BOOL_CONVERSION = YES;
				CLANG_WARN_COMMA = YES;
				CLANG_WARN_CONSTANT_CONVERSION = YES;
				CLANG_WARN_DEPRECATED_OBJC_IMPLEMENTATIONS = YES;
				CLANG_WARN_DIRECT_OBJC_ISA_USAGE = YES_ERROR;
				CLANG_WARN_DOCUMENTATION_COMMENTS = YES;
				CLANG_WARN_EMPTY_BODY = YES;
				CLANG_WARN_ENUM_CONVERSION = YES;
				CLANG_WARN_INFINITE_RECURSION = YES;
				CLANG_WARN_INT_CONVERSION = YES;
				CLANG_WARN_NON_LITERAL_NULL_CONVERSION = YES;
				CLANG_WARN_OBJC_IMPLICIT_RETAIN_SELF = YES;
				CLANG_WARN_OBJC_LITERAL_CONVERSION = YES;
				CLANG_WARN_OBJC_ROOT_CLASS = YES_ERROR;
				CLANG_WARN_RANGE_LOOP_ANALYSIS = YES;
				CLANG_WARN_STRICT_PROTOTYPES = YES;
				CLANG_WARN_SUSPICIOUS_MOVE = YES;
				CLANG_WARN_UNGUARDED_AVAILABILITY = YES_AGGRESSIVE;
				CLANG_WARN_UNREACHABLE_CODE = YES;
				CLANG_WARN__DUPLICATE_METHOD_MATCH = YES;
				CODE_SIGN_IDENTITY = "-";
				COPY_PHASE_STRIP = NO;
				DEBUG_INFORMATION_FORMAT = dwarf;
				ENABLE_STRICT_OBJC_MSGSEND = YES;
				ENABLE_TESTABILITY = YES;
				GCC_C_LANGUAGE_STANDARD = gnu11;
				GCC_DYNAMIC_NO_PIC = NO;
				GCC_NO_COMMON_BLOCKS = YES;
				GCC_OPTIMIZATION_LEVEL = 0;
				GCC_PREPROCESSOR_DEFINITIONS = (
					"DEBUG=1",
					"$(inherited)",
				);
				GCC_WARN_64_TO_32_BIT_CONVERSION = YES;
				GCC_WARN_ABOUT_RETURN_TYPE = YES_ERROR;
				GCC_WARN_UNDECLARED_SELECTOR = YES;
				GCC_WARN_UNINITIALIZED_AUTOS = YES_AGGRESSIVE;
				GCC_WARN_UNUSED_FUNCTION = YES;
				GCC_WARN_UNUSED_VARIABLE = YES;
				MACOSX_DEPLOYMENT_TARGET = 10.13;
				MTL_ENABLE_DEBUG_INFO = YES;
				ONLY_ACTIVE_ARCH = YES;
				SDKROOT = macosx;
				SWIFT_ACTIVE_COMPILATION_CONDITIONS = DEBUG;
				SWIFT_OPTIMIZATION_LEVEL = "-Onone";
			};
			name = Debug;
		};
		904400EF20C97E28009A11C1 /* Release */ = {
			isa = XCBuildConfiguration;
			buildSettings = {
				ALWAYS_SEARCH_USER_PATHS = NO;
				CLANG_ANALYZER_NONNULL = YES;
				CLANG_ANALYZER_NUMBER_OBJECT_CONVERSION = YES_AGGRESSIVE;
				CLANG_CXX_LANGUAGE_STANDARD = "gnu++14";
				CLANG_CXX_LIBRARY = "libc++";
				CLANG_ENABLE_MODULES = YES;
				CLANG_ENABLE_OBJC_ARC = YES;
				CLANG_ENABLE_OBJC_WEAK = YES;
				CLANG_WARN_BLOCK_CAPTURE_AUTORELEASING = YES;
				CLANG_WARN_BOOL_CONVERSION = YES;
				CLANG_WARN_COMMA = YES;
				CLANG_WARN_CONSTANT_CONVERSION = YES;
				CLANG_WARN_DEPRECATED_OBJC_IMPLEMENTATIONS = YES;
				CLANG_WARN_DIRECT_OBJC_ISA_USAGE = YES_ERROR;
				CLANG_WARN_DOCUMENTATION_COMMENTS = YES;
				CLANG_WARN_EMPTY_BODY = YES;
				CLANG_WARN_ENUM_CONVERSION = YES;
				CLANG_WARN_INFINITE_RECURSION = YES;
				CLANG_WARN_INT_CONVERSION = YES;
				CLANG_WARN_NON_LITERAL_NULL_CONVERSION = YES;
				CLANG_WARN_OBJC_IMPLICIT_RETAIN_SELF = YES;
				CLANG_WARN_OBJC_LITERAL_CONVERSION = YES;
				CLANG_WARN_OBJC_ROOT_CLASS = YES_ERROR;
				CLANG_WARN_RANGE_LOOP_ANALYSIS = YES;
				CLANG_WARN_STRICT_PROTOTYPES = YES;
				CLANG_WARN_SUSPICIOUS_MOVE = YES;
				CLANG_WARN_UNGUARDED_AVAILABILITY = YES_AGGRESSIVE;
				CLANG_WARN_UNREACHABLE_CODE = YES;
				CLANG_WARN__DUPLICATE_METHOD_MATCH = YES;
				CODE_SIGN_IDENTITY = "-";
				COPY_PHASE_STRIP = NO;
				DEBUG_INFORMATION_FORMAT = "dwarf-with-dsym";
				ENABLE_NS_ASSERTIONS = NO;
				ENABLE_STRICT_OBJC_MSGSEND = YES;
				GCC_C_LANGUAGE_STANDARD = gnu11;
				GCC_NO_COMMON_BLOCKS = YES;
				GCC_WARN_64_TO_32_BIT_CONVERSION = YES;
				GCC_WARN_ABOUT_RETURN_TYPE = YES_ERROR;
				GCC_WARN_UNDECLARED_SELECTOR = YES;
				GCC_WARN_UNINITIALIZED_AUTOS = YES_AGGRESSIVE;
				GCC_WARN_UNUSED_FUNCTION = YES;
				GCC_WARN_UNUSED_VARIABLE = YES;
				MACOSX_DEPLOYMENT_TARGET = 10.13;
				MTL_ENABLE_DEBUG_INFO = NO;
				SDKROOT = macosx;
				SWIFT_COMPILATION_MODE = wholemodule;
				SWIFT_OPTIMIZATION_LEVEL = "-O";
			};
			name = Release;
		};
		904400F120C97E28009A11C1 /* Debug */ = {
			isa = XCBuildConfiguration;
			buildSettings = {
				ASSETCATALOG_COMPILER_APPICON_NAME = AppIcon;
				CODE_SIGN_ENTITLEMENTS = TimeTracklogDiary/TimeTracklogDiary.entitlements;
				CODE_SIGN_STYLE = Automatic;
				COMBINE_HIDPI_IMAGES = YES;
				INFOPLIST_FILE = TimeTracklogDiary/Info.plist;
				LD_RUNPATH_SEARCH_PATHS = (
					"$(inherited)",
					"@executable_path/../Frameworks",
				);
				PRODUCT_BUNDLE_IDENTIFIER = com.kassergeymac.TimeTracklogDiary;
				PRODUCT_NAME = "$(TARGET_NAME)";
				SWIFT_VERSION = 4.0;
			};
			name = Debug;
		};
		904400F220C97E28009A11C1 /* Release */ = {
			isa = XCBuildConfiguration;
			buildSettings = {
				ASSETCATALOG_COMPILER_APPICON_NAME = AppIcon;
				CODE_SIGN_ENTITLEMENTS = TimeTracklogDiary/TimeTracklogDiary.entitlements;
				CODE_SIGN_STYLE = Automatic;
				COMBINE_HIDPI_IMAGES = YES;
				INFOPLIST_FILE = TimeTracklogDiary/Info.plist;
				LD_RUNPATH_SEARCH_PATHS = (
					"$(inherited)",
					"@executable_path/../Frameworks",
				);
				PRODUCT_BUNDLE_IDENTIFIER = com.kassergeymac.TimeTracklogDiary;
				PRODUCT_NAME = "$(TARGET_NAME)";
				SWIFT_VERSION = 4.0;
			};
			name = Release;
		};
		904400F420C97E28009A11C1 /* Debug */ = {
			isa = XCBuildConfiguration;
			buildSettings = {
				ALWAYS_EMBED_SWIFT_STANDARD_LIBRARIES = YES;
				BUNDLE_LOADER = "$(TEST_HOST)";
				CODE_SIGN_STYLE = Automatic;
				COMBINE_HIDPI_IMAGES = YES;
				INFOPLIST_FILE = TimeTracklogDiaryTests/Info.plist;
				LD_RUNPATH_SEARCH_PATHS = (
					"$(inherited)",
					"@executable_path/../Frameworks",
					"@loader_path/../Frameworks",
				);
				PRODUCT_BUNDLE_IDENTIFIER = com.kassergeymac.TimeTracklogDiaryTests;
				PRODUCT_NAME = "$(TARGET_NAME)";
				SWIFT_VERSION = 4.0;
				TEST_HOST = "$(BUILT_PRODUCTS_DIR)/TimeTracklogDiary.app/Contents/MacOS/TimeTracklogDiary";
			};
			name = Debug;
		};
		904400F520C97E28009A11C1 /* Release */ = {
			isa = XCBuildConfiguration;
			buildSettings = {
				ALWAYS_EMBED_SWIFT_STANDARD_LIBRARIES = YES;
				BUNDLE_LOADER = "$(TEST_HOST)";
				CODE_SIGN_STYLE = Automatic;
				COMBINE_HIDPI_IMAGES = YES;
				INFOPLIST_FILE = TimeTracklogDiaryTests/Info.plist;
				LD_RUNPATH_SEARCH_PATHS = (
					"$(inherited)",
					"@executable_path/../Frameworks",
					"@loader_path/../Frameworks",
				);
				PRODUCT_BUNDLE_IDENTIFIER = com.kassergeymac.TimeTracklogDiaryTests;
				PRODUCT_NAME = "$(TARGET_NAME)";
				SWIFT_VERSION = 4.0;
				TEST_HOST = "$(BUILT_PRODUCTS_DIR)/TimeTracklogDiary.app/Contents/MacOS/TimeTracklogDiary";
			};
			name = Release;
		};
		904400F720C97E28009A11C1 /* Debug */ = {
			isa = XCBuildConfiguration;
			buildSettings = {
				ALWAYS_EMBED_SWIFT_STANDARD_LIBRARIES = YES;
				CODE_SIGN_STYLE = Automatic;
				COMBINE_HIDPI_IMAGES = YES;
				INFOPLIST_FILE = TimeTracklogDiaryUITests/Info.plist;
				LD_RUNPATH_SEARCH_PATHS = (
					"$(inherited)",
					"@executable_path/../Frameworks",
					"@loader_path/../Frameworks",
				);
				PRODUCT_BUNDLE_IDENTIFIER = com.kassergeymac.TimeTracklogDiaryUITests;
				PRODUCT_NAME = "$(TARGET_NAME)";
				SWIFT_VERSION = 4.0;
				TEST_TARGET_NAME = TimeTracklogDiary;
			};
			name = Debug;
		};
		904400F820C97E28009A11C1 /* Release */ = {
			isa = XCBuildConfiguration;
			buildSettings = {
				ALWAYS_EMBED_SWIFT_STANDARD_LIBRARIES = YES;
				CODE_SIGN_STYLE = Automatic;
				COMBINE_HIDPI_IMAGES = YES;
				INFOPLIST_FILE = TimeTracklogDiaryUITests/Info.plist;
				LD_RUNPATH_SEARCH_PATHS = (
					"$(inherited)",
					"@executable_path/../Frameworks",
					"@loader_path/../Frameworks",
				);
				PRODUCT_BUNDLE_IDENTIFIER = com.kassergeymac.TimeTracklogDiaryUITests;
				PRODUCT_NAME = "$(TARGET_NAME)";
				SWIFT_VERSION = 4.0;
				TEST_TARGET_NAME = TimeTracklogDiary;
			};
			name = Release;
		};
/* End XCBuildConfiguration section */

/* Begin XCConfigurationList section */
		904400C420C97E26009A11C1 /* Build configuration list for PBXProject "TimeTracklogDiary" */ = {
			isa = XCConfigurationList;
			buildConfigurations = (
				904400EE20C97E28009A11C1 /* Debug */,
				904400EF20C97E28009A11C1 /* Release */,
			);
			defaultConfigurationIsVisible = 0;
			defaultConfigurationName = Release;
		};
		904400F020C97E28009A11C1 /* Build configuration list for PBXNativeTarget "TimeTracklogDiary" */ = {
			isa = XCConfigurationList;
			buildConfigurations = (
				904400F120C97E28009A11C1 /* Debug */,
				904400F220C97E28009A11C1 /* Release */,
			);
			defaultConfigurationIsVisible = 0;
			defaultConfigurationName = Release;
		};
		904400F320C97E28009A11C1 /* Build configuration list for PBXNativeTarget "TimeTracklogDiaryTests" */ = {
			isa = XCConfigurationList;
			buildConfigurations = (
				904400F420C97E28009A11C1 /* Debug */,
				904400F520C97E28009A11C1 /* Release */,
			);
			defaultConfigurationIsVisible = 0;
			defaultConfigurationName = Release;
		};
		904400F620C97E28009A11C1 /* Build configuration list for PBXNativeTarget "TimeTracklogDiaryUITests" */ = {
			isa = XCConfigurationList;
			buildConfigurations = (
				904400F720C97E28009A11C1 /* Debug */,
				904400F820C97E28009A11C1 /* Release */,
			);
			defaultConfigurationIsVisible = 0;
			defaultConfigurationName = Release;
		};
/* End XCConfigurationList section */

/* Begin XCVersionGroup section */
		904400CE20C97E26009A11C1 /* TimeTracklogDiary.xcdatamodeld */ = {
			isa = XCVersionGroup;
			children = (
				904400CF20C97E26009A11C1 /* TimeTracklogDiary.xcdatamodel */,
			);
			currentVersion = 904400CF20C97E26009A11C1 /* TimeTracklogDiary.xcdatamodel */;
			path = TimeTracklogDiary.xcdatamodeld;
			sourceTree = "<group>";
			versionGroupType = wrapper.xcdatamodel;
		};
/* End XCVersionGroup section */
	};
	rootObject = 904400C120C97E26009A11C1 /* Project object */;
}
